
Microsoft Visual Studio Solution File, Format Version 12.00
# Visual Studio Version 16
VisualStudioVersion = 16.0.32602.291
MinimumVisualStudioVersion = 10.0.40219.1
Project("{FAE04EC0-301F-11D3-BF4B-00C04F79EFBC}") = "Bookstore", "Bookstore\Bookstore.csproj", "{DAE3AC05-79BB-4B8A-BEA9-A281080611CE}"
EndProject
Global
	GlobalSection(SolutionConfigurationPlatforms) = preSolution
		Debug|Any CPU = Debug|Any CPU
		Release|Any CPU = Release|Any CPU
	EndGlobalSection
	GlobalSection(ProjectConfigurationPlatforms) = postSolution
		{DAE3AC05-79BB-4B8A-BEA9-A281080611CE}.Debug|Any CPU.ActiveCfg = Debug|Any CPU
		{DAE3AC05-79BB-4B8A-BEA9-A281080611CE}.Debug|Any CPU.Build.0 = Debug|Any CPU
		{DAE3AC05-79BB-4B8A-BEA9-A281080611CE}.Release|Any CPU.ActiveCfg = Release|Any CPU
		{DAE3AC05-79BB-4B8A-BEA9-A281080611CE}.Release|Any CPU.Build.0 = Release|Any CPU
	EndGlobalSection
	GlobalSection(SolutionProperties) = preSolution
		HideSolutionNode = FALSE
	EndGlobalSection
	GlobalSection(ExtensibilityGlobals) = postSolution
		SolutionGuid = {356DE8BD-FCEA-4499-8C61-D911DF344211}
	EndGlobalSection
EndGlobal
