
Microsoft Visual Studio Solution File, Format Version 12.00
# Visual Studio Version 16
VisualStudioVersion = 16.0.32602.291
MinimumVisualStudioVersion = 10.0.40219.1
Project("{FAE04EC0-301F-11D3-BF4B-00C04F79EFBC}") = "WebAuto", "WebAuto\WebAuto.csproj", "{F27B54DC-2019-42DE-A354-C73D58500D8E}"
EndProject
Global
	GlobalSection(SolutionConfigurationPlatforms) = preSolution
		Debug|Any CPU = Debug|Any CPU
		Release|Any CPU = Release|Any CPU
	EndGlobalSection
	GlobalSection(ProjectConfigurationPlatforms) = postSolution
		{F27B54DC-2019-42DE-A354-C73D58500D8E}.Debug|Any CPU.ActiveCfg = Debug|Any CPU
		{F27B54DC-2019-42DE-A354-C73D58500D8E}.Debug|Any CPU.Build.0 = Debug|Any CPU
		{F27B54DC-2019-42DE-A354-C73D58500D8E}.Release|Any CPU.ActiveCfg = Release|Any CPU
		{F27B54DC-2019-42DE-A354-C73D58500D8E}.Release|Any CPU.Build.0 = Release|Any CPU
	EndGlobalSection
	GlobalSection(SolutionProperties) = preSolution
		HideSolutionNode = FALSE
	EndGlobalSection
	GlobalSection(ExtensibilityGlobals) = postSolution
		SolutionGuid = {6063B720-D669-4150-82F7-546CACC62DEA}
	EndGlobalSection
EndGlobal
